
Microsoft Visual Studio Solution File, Format Version 12.00
# Visual Studio Version 17
VisualStudioVersion = 17.10.35027.167
MinimumVisualStudioVersion = 10.0.40219.1
Project("{FAE04EC0-301F-11D3-BF4B-00C04F79EFBC}") = "Autocad_Listing_All_Blocks_07-2024", "Autocad_Listing_All_Blocks_07-2024.csproj", "{036139F0-9438-41DB-AA5D-48C273BFD360}"
EndProject
Global
	GlobalSection(SolutionConfigurationPlatforms) = preSolution
		Debug|Any CPU = Debug|Any CPU
		Release|Any CPU = Release|Any CPU
	EndGlobalSection
	GlobalSection(ProjectConfigurationPlatforms) = postSolution
		{036139F0-9438-41DB-AA5D-48C273BFD360}.Debug|Any CPU.ActiveCfg = Debug|Any CPU
		{036139F0-9438-41DB-AA5D-48C273BFD360}.Debug|Any CPU.Build.0 = Debug|Any CPU
		{036139F0-9438-41DB-AA5D-48C273BFD360}.Release|Any CPU.ActiveCfg = Release|Any CPU
		{036139F0-9438-41DB-AA5D-48C273BFD360}.Release|Any CPU.Build.0 = Release|Any CPU
	EndGlobalSection
	GlobalSection(SolutionProperties) = preSolution
		HideSolutionNode = FALSE
	EndGlobalSection
	GlobalSection(ExtensibilityGlobals) = postSolution
		SolutionGuid = {1D8E675A-0871-4C03-877D-5FD33EA54ABE}
	EndGlobalSection
EndGlobal
